{
  "nodes": {
    "nixpkgs": {
      "locked": {
        "lastModified": 1669897001,
        "narHash": "sha256-5xESSKSgBPhjctRYUzES8RiMo+OmA2E/D74RNULQb9M=",
        "owner": "NixOS",
        "repo": "nixpkgs",
        "rev": "dcc26b62da6963053c299af3e19b89b94924edec",
        "type": "github"
      },
      "original": {
        "id": "nixpkgs",
        "type": "indirect"
      }
    },
    "root": {
      "inputs": {
        "nixpkgs": "nixpkgs"
      }
    }
  },
  "root": "root",
  "version": 7
}
