{
  "nodes": {
    "nixpkgs": {
      "locked": {
        "lastModified": 1669067947,
        "narHash": "sha256-DbTlGzUSj2j+3tMJ7UwV5ExGSg1WeZ+XZq6eAGpyd40=",
        "owner": "NixOS",
        "repo": "nixpkgs",
        "rev": "802115d0227228b66b691f3b85b30b868976e8eb",
        "type": "github"
      },
      "original": {
        "id": "nixpkgs",
        "type": "indirect"
      }
    },
    "root": {
      "inputs": {
        "nixpkgs": "nixpkgs"
      }
    }
  },
  "root": "root",
  "version": 7
}
